{
  "name": "shearch",
  "version": "1.0.0",
  "lockfileVersion": 1,
  "requires": true,
  "dependencies": {
    "lunr": {
      "version": "2.1.2",
      "resolved": "https://registry.npmjs.org/lunr/-/lunr-2.1.2.tgz",
      "integrity": "sha512-hQT+nDe6H6Q/9ILTGoK8yx0js1Ke7Ym4cJpJhUkRIUKCH7O9U8mnAahOuMdHAsEShSXcXNk/2kQYb3A2VPGrBw=="
    }
  }
}
